
Microsoft Visual Studio Solution File, Format Version 12.00
# Visual Studio Version 17
VisualStudioVersion = 17.7.34221.43
MinimumVisualStudioVersion = 10.0.40219.1
Project("{8BC9CEB8-8B4A-11D0-8D11-00A0C91BC942}") = "Problem 48 'Monthly Loan Installment'", "Problem 48 'Monthly Loan Installment'\Problem 48 'Monthly Loan Installment'.vcxproj", "{D850C7A8-6C04-4812-998B-8F417B60B4E6}"
EndProject
Global
	GlobalSection(SolutionConfigurationPlatforms) = preSolution
		Debug|x64 = Debug|x64
		Debug|x86 = Debug|x86
		Release|x64 = Release|x64
		Release|x86 = Release|x86
	EndGlobalSection
	GlobalSection(ProjectConfigurationPlatforms) = postSolution
		{D850C7A8-6C04-4812-998B-8F417B60B4E6}.Debug|x64.ActiveCfg = Debug|x64
		{D850C7A8-6C04-4812-998B-8F417B60B4E6}.Debug|x64.Build.0 = Debug|x64
		{D850C7A8-6C04-4812-998B-8F417B60B4E6}.Debug|x86.ActiveCfg = Debug|Win32
		{D850C7A8-6C04-4812-998B-8F417B60B4E6}.Debug|x86.Build.0 = Debug|Win32
		{D850C7A8-6C04-4812-998B-8F417B60B4E6}.Release|x64.ActiveCfg = Release|x64
		{D850C7A8-6C04-4812-998B-8F417B60B4E6}.Release|x64.Build.0 = Release|x64
		{D850C7A8-6C04-4812-998B-8F417B60B4E6}.Release|x86.ActiveCfg = Release|Win32
		{D850C7A8-6C04-4812-998B-8F417B60B4E6}.Release|x86.Build.0 = Release|Win32
	EndGlobalSection
	GlobalSection(SolutionProperties) = preSolution
		HideSolutionNode = FALSE
	EndGlobalSection
	GlobalSection(ExtensibilityGlobals) = postSolution
		SolutionGuid = {2E6A83DF-3471-469F-890C-FE1BE3509F56}
	EndGlobalSection
EndGlobal
