
Microsoft Visual Studio Solution File, Format Version 12.00
# Visual Studio Version 17
VisualStudioVersion = 17.7.34221.43
MinimumVisualStudioVersion = 10.0.40219.1
Project("{8BC9CEB8-8B4A-11D0-8D11-00A0C91BC942}") = "Problem #23%2 'Fill Array With Random Numbers From 1 to 100'", "Problem #23%2 'Fill Array With Random Numbers From 1 to 100'\Problem #23%2 'Fill Array With Random Numbers From 1 to 100'.vcxproj", "{91E120E0-FAF5-4EB9-8E6C-D38722579213}"
EndProject
Global
	GlobalSection(SolutionConfigurationPlatforms) = preSolution
		Debug|x64 = Debug|x64
		Debug|x86 = Debug|x86
		Release|x64 = Release|x64
		Release|x86 = Release|x86
	EndGlobalSection
	GlobalSection(ProjectConfigurationPlatforms) = postSolution
		{91E120E0-FAF5-4EB9-8E6C-D38722579213}.Debug|x64.ActiveCfg = Debug|x64
		{91E120E0-FAF5-4EB9-8E6C-D38722579213}.Debug|x64.Build.0 = Debug|x64
		{91E120E0-FAF5-4EB9-8E6C-D38722579213}.Debug|x86.ActiveCfg = Debug|Win32
		{91E120E0-FAF5-4EB9-8E6C-D38722579213}.Debug|x86.Build.0 = Debug|Win32
		{91E120E0-FAF5-4EB9-8E6C-D38722579213}.Release|x64.ActiveCfg = Release|x64
		{91E120E0-FAF5-4EB9-8E6C-D38722579213}.Release|x64.Build.0 = Release|x64
		{91E120E0-FAF5-4EB9-8E6C-D38722579213}.Release|x86.ActiveCfg = Release|Win32
		{91E120E0-FAF5-4EB9-8E6C-D38722579213}.Release|x86.Build.0 = Release|Win32
	EndGlobalSection
	GlobalSection(SolutionProperties) = preSolution
		HideSolutionNode = FALSE
	EndGlobalSection
	GlobalSection(ExtensibilityGlobals) = postSolution
		SolutionGuid = {1204949A-2105-4AD2-B2AC-546CAC12FDC0}
	EndGlobalSection
EndGlobal
