
Microsoft Visual Studio Solution File, Format Version 12.00
# Visual Studio Version 17
VisualStudioVersion = 17.7.34221.43
MinimumVisualStudioVersion = 10.0.40219.1
Project("{8BC9CEB8-8B4A-11D0-8D11-00A0C91BC942}") = "Problem 40 'Service Fee And Sales Tax'", "Problem 40 'Service Fee And Sales Tax'\Problem 40 'Service Fee And Sales Tax'.vcxproj", "{367735E0-3B32-4906-8C68-24CB859B9EF4}"
EndProject
Global
	GlobalSection(SolutionConfigurationPlatforms) = preSolution
		Debug|x64 = Debug|x64
		Debug|x86 = Debug|x86
		Release|x64 = Release|x64
		Release|x86 = Release|x86
	EndGlobalSection
	GlobalSection(ProjectConfigurationPlatforms) = postSolution
		{367735E0-3B32-4906-8C68-24CB859B9EF4}.Debug|x64.ActiveCfg = Debug|x64
		{367735E0-3B32-4906-8C68-24CB859B9EF4}.Debug|x64.Build.0 = Debug|x64
		{367735E0-3B32-4906-8C68-24CB859B9EF4}.Debug|x86.ActiveCfg = Debug|Win32
		{367735E0-3B32-4906-8C68-24CB859B9EF4}.Debug|x86.Build.0 = Debug|Win32
		{367735E0-3B32-4906-8C68-24CB859B9EF4}.Release|x64.ActiveCfg = Release|x64
		{367735E0-3B32-4906-8C68-24CB859B9EF4}.Release|x64.Build.0 = Release|x64
		{367735E0-3B32-4906-8C68-24CB859B9EF4}.Release|x86.ActiveCfg = Release|Win32
		{367735E0-3B32-4906-8C68-24CB859B9EF4}.Release|x86.Build.0 = Release|Win32
	EndGlobalSection
	GlobalSection(SolutionProperties) = preSolution
		HideSolutionNode = FALSE
	EndGlobalSection
	GlobalSection(ExtensibilityGlobals) = postSolution
		SolutionGuid = {5387EC42-5176-4FC6-A874-137648645BD4}
	EndGlobalSection
EndGlobal
