
Microsoft Visual Studio Solution File, Format Version 12.00
# Visual Studio Version 17
VisualStudioVersion = 17.7.34221.43
MinimumVisualStudioVersion = 10.0.40219.1
Project("{8BC9CEB8-8B4A-11D0-8D11-00A0C91BC942}") = "Lesson #30%2 ' Vector Of Structure '", "Lesson #30%2 ' Vector Of Structure '\Lesson #30%2 ' Vector Of Structure '.vcxproj", "{9DDA9CF1-ACF0-418F-B58F-81F7A74C38BC}"
EndProject
Global
	GlobalSection(SolutionConfigurationPlatforms) = preSolution
		Debug|x64 = Debug|x64
		Debug|x86 = Debug|x86
		Release|x64 = Release|x64
		Release|x86 = Release|x86
	EndGlobalSection
	GlobalSection(ProjectConfigurationPlatforms) = postSolution
		{9DDA9CF1-ACF0-418F-B58F-81F7A74C38BC}.Debug|x64.ActiveCfg = Debug|x64
		{9DDA9CF1-ACF0-418F-B58F-81F7A74C38BC}.Debug|x64.Build.0 = Debug|x64
		{9DDA9CF1-ACF0-418F-B58F-81F7A74C38BC}.Debug|x86.ActiveCfg = Debug|Win32
		{9DDA9CF1-ACF0-418F-B58F-81F7A74C38BC}.Debug|x86.Build.0 = Debug|Win32
		{9DDA9CF1-ACF0-418F-B58F-81F7A74C38BC}.Release|x64.ActiveCfg = Release|x64
		{9DDA9CF1-ACF0-418F-B58F-81F7A74C38BC}.Release|x64.Build.0 = Release|x64
		{9DDA9CF1-ACF0-418F-B58F-81F7A74C38BC}.Release|x86.ActiveCfg = Release|Win32
		{9DDA9CF1-ACF0-418F-B58F-81F7A74C38BC}.Release|x86.Build.0 = Release|Win32
	EndGlobalSection
	GlobalSection(SolutionProperties) = preSolution
		HideSolutionNode = FALSE
	EndGlobalSection
	GlobalSection(ExtensibilityGlobals) = postSolution
		SolutionGuid = {A16BC29B-29F4-48D4-9386-F96C4DF63B5B}
	EndGlobalSection
EndGlobal
