
Microsoft Visual Studio Solution File, Format Version 12.00
# Visual Studio Version 17
VisualStudioVersion = 17.7.34221.43
MinimumVisualStudioVersion = 10.0.40219.1
Project("{8BC9CEB8-8B4A-11D0-8D11-00A0C91BC942}") = "Problem #44%2 'Count Positive Numbers In Array'", "Problem #44%2 'Count Positive Numbers In Array'\Problem #44%2 'Count Positive Numbers In Array'.vcxproj", "{040B149D-C532-4ECB-BFA8-375EC6AADFE8}"
EndProject
Global
	GlobalSection(SolutionConfigurationPlatforms) = preSolution
		Debug|x64 = Debug|x64
		Debug|x86 = Debug|x86
		Release|x64 = Release|x64
		Release|x86 = Release|x86
	EndGlobalSection
	GlobalSection(ProjectConfigurationPlatforms) = postSolution
		{040B149D-C532-4ECB-BFA8-375EC6AADFE8}.Debug|x64.ActiveCfg = Debug|x64
		{040B149D-C532-4ECB-BFA8-375EC6AADFE8}.Debug|x64.Build.0 = Debug|x64
		{040B149D-C532-4ECB-BFA8-375EC6AADFE8}.Debug|x86.ActiveCfg = Debug|Win32
		{040B149D-C532-4ECB-BFA8-375EC6AADFE8}.Debug|x86.Build.0 = Debug|Win32
		{040B149D-C532-4ECB-BFA8-375EC6AADFE8}.Release|x64.ActiveCfg = Release|x64
		{040B149D-C532-4ECB-BFA8-375EC6AADFE8}.Release|x64.Build.0 = Release|x64
		{040B149D-C532-4ECB-BFA8-375EC6AADFE8}.Release|x86.ActiveCfg = Release|Win32
		{040B149D-C532-4ECB-BFA8-375EC6AADFE8}.Release|x86.Build.0 = Release|Win32
	EndGlobalSection
	GlobalSection(SolutionProperties) = preSolution
		HideSolutionNode = FALSE
	EndGlobalSection
	GlobalSection(ExtensibilityGlobals) = postSolution
		SolutionGuid = {57F3C02A-9B62-4F59-9C52-31AB2F3CA0DC}
	EndGlobalSection
EndGlobal
