
Microsoft Visual Studio Solution File, Format Version 12.00
# Visual Studio Version 17
VisualStudioVersion = 17.7.34221.43
MinimumVisualStudioVersion = 10.0.40219.1
Project("{8BC9CEB8-8B4A-11D0-8D11-00A0C91BC942}") = "Problem #33%2 'Fill Array With Keys'", "Problem #33%2 'Fill Array With Keys'\Problem #33%2 'Fill Array With Keys'.vcxproj", "{AF7CD165-8234-4539-AF8A-7EB35618F5ED}"
EndProject
Global
	GlobalSection(SolutionConfigurationPlatforms) = preSolution
		Debug|x64 = Debug|x64
		Debug|x86 = Debug|x86
		Release|x64 = Release|x64
		Release|x86 = Release|x86
	EndGlobalSection
	GlobalSection(ProjectConfigurationPlatforms) = postSolution
		{AF7CD165-8234-4539-AF8A-7EB35618F5ED}.Debug|x64.ActiveCfg = Debug|x64
		{AF7CD165-8234-4539-AF8A-7EB35618F5ED}.Debug|x64.Build.0 = Debug|x64
		{AF7CD165-8234-4539-AF8A-7EB35618F5ED}.Debug|x86.ActiveCfg = Debug|Win32
		{AF7CD165-8234-4539-AF8A-7EB35618F5ED}.Debug|x86.Build.0 = Debug|Win32
		{AF7CD165-8234-4539-AF8A-7EB35618F5ED}.Release|x64.ActiveCfg = Release|x64
		{AF7CD165-8234-4539-AF8A-7EB35618F5ED}.Release|x64.Build.0 = Release|x64
		{AF7CD165-8234-4539-AF8A-7EB35618F5ED}.Release|x86.ActiveCfg = Release|Win32
		{AF7CD165-8234-4539-AF8A-7EB35618F5ED}.Release|x86.Build.0 = Release|Win32
	EndGlobalSection
	GlobalSection(SolutionProperties) = preSolution
		HideSolutionNode = FALSE
	EndGlobalSection
	GlobalSection(ExtensibilityGlobals) = postSolution
		SolutionGuid = {218BDD1D-A073-4FE3-9C45-423B4295B627}
	EndGlobalSection
EndGlobal
