
Microsoft Visual Studio Solution File, Format Version 12.00
# Visual Studio Version 17
VisualStudioVersion = 17.7.34221.43
MinimumVisualStudioVersion = 10.0.40219.1
Project("{8BC9CEB8-8B4A-11D0-8D11-00A0C91BC942}") = "Problem #27%2 'Average Of Random Array'", "Problem #27%2 'Average Of Random Array'\Problem #27%2 'Average Of Random Array'.vcxproj", "{81E6CB60-DB14-4B6E-BD6C-BE1F1E688320}"
EndProject
Global
	GlobalSection(SolutionConfigurationPlatforms) = preSolution
		Debug|x64 = Debug|x64
		Debug|x86 = Debug|x86
		Release|x64 = Release|x64
		Release|x86 = Release|x86
	EndGlobalSection
	GlobalSection(ProjectConfigurationPlatforms) = postSolution
		{81E6CB60-DB14-4B6E-BD6C-BE1F1E688320}.Debug|x64.ActiveCfg = Debug|x64
		{81E6CB60-DB14-4B6E-BD6C-BE1F1E688320}.Debug|x64.Build.0 = Debug|x64
		{81E6CB60-DB14-4B6E-BD6C-BE1F1E688320}.Debug|x86.ActiveCfg = Debug|Win32
		{81E6CB60-DB14-4B6E-BD6C-BE1F1E688320}.Debug|x86.Build.0 = Debug|Win32
		{81E6CB60-DB14-4B6E-BD6C-BE1F1E688320}.Release|x64.ActiveCfg = Release|x64
		{81E6CB60-DB14-4B6E-BD6C-BE1F1E688320}.Release|x64.Build.0 = Release|x64
		{81E6CB60-DB14-4B6E-BD6C-BE1F1E688320}.Release|x86.ActiveCfg = Release|Win32
		{81E6CB60-DB14-4B6E-BD6C-BE1F1E688320}.Release|x86.Build.0 = Release|Win32
	EndGlobalSection
	GlobalSection(SolutionProperties) = preSolution
		HideSolutionNode = FALSE
	EndGlobalSection
	GlobalSection(ExtensibilityGlobals) = postSolution
		SolutionGuid = {7D9B54E8-688F-40F5-AD88-C51099045C38}
	EndGlobalSection
EndGlobal
