
Microsoft Visual Studio Solution File, Format Version 12.00
# Visual Studio Version 17
VisualStudioVersion = 17.7.34221.43
MinimumVisualStudioVersion = 10.0.40219.1
Project("{8BC9CEB8-8B4A-11D0-8D11-00A0C91BC942}") = "Lesson #50%2 ' String Object (Common Methods) '", "Lesson #50%2 ' String Object (Common Methods) '\Lesson #50%2 ' String Object (Common Methods) '.vcxproj", "{D7F76499-DF2D-4C47-BFA2-63DE2AD107B0}"
EndProject
Global
	GlobalSection(SolutionConfigurationPlatforms) = preSolution
		Debug|x64 = Debug|x64
		Debug|x86 = Debug|x86
		Release|x64 = Release|x64
		Release|x86 = Release|x86
	EndGlobalSection
	GlobalSection(ProjectConfigurationPlatforms) = postSolution
		{D7F76499-DF2D-4C47-BFA2-63DE2AD107B0}.Debug|x64.ActiveCfg = Debug|x64
		{D7F76499-DF2D-4C47-BFA2-63DE2AD107B0}.Debug|x64.Build.0 = Debug|x64
		{D7F76499-DF2D-4C47-BFA2-63DE2AD107B0}.Debug|x86.ActiveCfg = Debug|Win32
		{D7F76499-DF2D-4C47-BFA2-63DE2AD107B0}.Debug|x86.Build.0 = Debug|Win32
		{D7F76499-DF2D-4C47-BFA2-63DE2AD107B0}.Release|x64.ActiveCfg = Release|x64
		{D7F76499-DF2D-4C47-BFA2-63DE2AD107B0}.Release|x64.Build.0 = Release|x64
		{D7F76499-DF2D-4C47-BFA2-63DE2AD107B0}.Release|x86.ActiveCfg = Release|Win32
		{D7F76499-DF2D-4C47-BFA2-63DE2AD107B0}.Release|x86.Build.0 = Release|Win32
	EndGlobalSection
	GlobalSection(SolutionProperties) = preSolution
		HideSolutionNode = FALSE
	EndGlobalSection
	GlobalSection(ExtensibilityGlobals) = postSolution
		SolutionGuid = {BCA808C5-0E23-4E6C-876F-51E8304D5CEF}
	EndGlobalSection
EndGlobal
